
Microsoft Visual Studio Solution File, Format Version 12.00
# Visual Studio Version 16
VisualStudioVersion = 16.0.29728.190
MinimumVisualStudioVersion = 10.0.40219.1
Project("{FAE04EC0-301F-11D3-BF4B-00C04F79EFBC}") = "Zad1Tablicowaniefunkcji", "Zad1Tablicowaniefunkcji\Zad1Tablicowaniefunkcji.csproj", "{A916A3C1-74F3-44F9-8EF6-3FD5BF210DAA}"
EndProject
Global
	GlobalSection(SolutionConfigurationPlatforms) = preSolution
		Debug|Any CPU = Debug|Any CPU
		Release|Any CPU = Release|Any CPU
	EndGlobalSection
	GlobalSection(ProjectConfigurationPlatforms) = postSolution
		{A916A3C1-74F3-44F9-8EF6-3FD5BF210DAA}.Debug|Any CPU.ActiveCfg = Debug|Any CPU
		{A916A3C1-74F3-44F9-8EF6-3FD5BF210DAA}.Debug|Any CPU.Build.0 = Debug|Any CPU
		{A916A3C1-74F3-44F9-8EF6-3FD5BF210DAA}.Release|Any CPU.ActiveCfg = Release|Any CPU
		{A916A3C1-74F3-44F9-8EF6-3FD5BF210DAA}.Release|Any CPU.Build.0 = Release|Any CPU
	EndGlobalSection
	GlobalSection(SolutionProperties) = preSolution
		HideSolutionNode = FALSE
	EndGlobalSection
	GlobalSection(ExtensibilityGlobals) = postSolution
		SolutionGuid = {FDAD0B68-24A1-48D3-B896-187AC9750B2F}
	EndGlobalSection
EndGlobal
